<?xml version="1.0" encoding="utf-8"?>
<Project ToolsVersion="4.0" xmlns="http://schemas.microsoft.com/developer/msbuild/2003">
  <ItemGroup>
    <Filter Include="MyFramework">
      <UniqueIdentifier>{eb26747a-1084-41e0-a553-90b8f8078d3a}</UniqueIdentifier>
    </Filter>
    <Filter Include="MyFramework\Android">
      <UniqueIdentifier>{31fd1b96-9c9f-47bd-9f5e-e3645b2b984e}</UniqueIdentifier>
    </Filter>
    <Filter Include="MyFramework\OpenGLES">
      <UniqueIdentifier>{0dbb2525-263c-4f25-b402-b7721194f4ea}</UniqueIdentifier>
    </Filter>
    <Filter Include="MyFramework\Win32">
      <UniqueIdentifier>{9e4d522b-7867-466b-bd2a-096666588674}</UniqueIdentifier>
    </Filter>
  </ItemGroup>
</Project>