<?xml version="1.0" encoding="utf-8"?>
<Project ToolsVersion="4.0" xmlns="http://schemas.microsoft.com/developer/msbuild/2003">
  <ItemGroup>
    <Filter Include="MyFramework">
      <UniqueIdentifier>{eb26747a-1084-41e0-a553-90b8f8078d3a}</UniqueIdentifier>
    </Filter>
    <Filter Include="MyFramework\Android">
      <UniqueIdentifier>{31fd1b96-9c9f-47bd-9f5e-e3645b2b984e}</UniqueIdentifier>
    </Filter>
    <Filter Include="MyFramework\OpenGLES">
      <UniqueIdentifier>{0dbb2525-263c-4f25-b402-b7721194f4ea}</UniqueIdentifier>
    </Filter>
    <Filter Include="MyFramework\Win32">
      <UniqueIdentifier>{9e4d522b-7867-466b-bd2a-096666588674}</UniqueIdentifier>
    </Filter>
  </ItemGroup>
  <ItemGroup>
    <ClCompile Include="MyFramework\OpenGLES\MyBasicMesh.cpp">
      <Filter>MyFramework\OpenGLES</Filter>
    </ClCompile>
    <ClCompile Include="MyFramework\OpenGLES\MyFileMesh1.cpp">
      <Filter>MyFramework\OpenGLES</Filter>
    </ClCompile>
    <ClCompile Include="MyFramework\OpenGLES\MyInputLayout.cpp">
      <Filter>MyFramework\OpenGLES</Filter>
    </ClCompile>
    <ClCompile Include="MyFramework\OpenGLES\MyMesh.cpp">
      <Filter>MyFramework\OpenGLES</Filter>
    </ClCompile>
    <ClCompile Include="MyFramework\OpenGLES\MyShader.cpp">
      <Filter>MyFramework\OpenGLES</Filter>
    </ClCompile>
    <ClCompile Include="MyFramework\OpenGLES\MySkinnedMesh1.cpp">
      <Filter>MyFramework\OpenGLES</Filter>
    </ClCompile>
    <ClCompile Include="MyFramework\OpenGLES\MySkinnedMesh2.cpp">
      <Filter>MyFramework\OpenGLES</Filter>
    </ClCompile>
    <ClCompile Include="MyFramework\OpenGLES\MySpriteBatch.cpp">
      <Filter>MyFramework\OpenGLES</Filter>
    </ClCompile>
    <ClCompile Include="MyFramework\OpenGLES\MyTexture.cpp">
      <Filter>MyFramework\OpenGLES</Filter>
    </ClCompile>
    <ClCompile Include="MyFramework\OpenGLES\MyVertex.cpp">
      <Filter>MyFramework\OpenGLES</Filter>
    </ClCompile>
    <ClCompile Include="MyFramework\Win32\FrmApplication_Platform.cpp">
      <Filter>MyFramework\Win32</Filter>
    </ClCompile>
    <ClCompile Include="MyFramework\Win32\MyUtils_Platform.cpp">
      <Filter>MyFramework\Win32</Filter>
    </ClCompile>
    <ClCompile Include="MyFramework\MyCamera.cpp">
      <Filter>MyFramework</Filter>
    </ClCompile>
    <ClCompile Include="MyFramework\MyCamera2D.cpp">
      <Filter>MyFramework</Filter>
    </ClCompile>
    <ClCompile Include="MyFramework\MyMath.cpp">
      <Filter>MyFramework</Filter>
    </ClCompile>
    <ClCompile Include="MyFramework\MyOrthoCamera.cpp">
      <Filter>MyFramework</Filter>
    </ClCompile>
    <ClCompile Include="MyFramework\MyPerspectiveCamera.cpp">
      <Filter>MyFramework</Filter>
    </ClCompile>
    <ClCompile Include="MyFramework\MyTimer.cpp">
      <Filter>MyFramework</Filter>
    </ClCompile>
    <ClCompile Include="MyFramework\MyUtils.cpp">
      <Filter>MyFramework</Filter>
    </ClCompile>
    <ClCompile Include="MyFramework\MyInput.cpp">
      <Filter>MyFramework</Filter>
    </ClCompile>
    <ClCompile Include="MyFramework\MyUIWidget.cpp">
      <Filter>MyFramework</Filter>
    </ClCompile>
    <ClCompile Include="MyFramework\MyUIButton.cpp">
      <Filter>MyFramework</Filter>
    </ClCompile>
    <ClCompile Include="MyFramework\MyScreen.cpp">
      <Filter>MyFramework</Filter>
    </ClCompile>
    <ClCompile Include="MyFramework\MyScreenManager.cpp">
      <Filter>MyFramework</Filter>
    </ClCompile>
    <ClCompile Include="MyFramework\Android\MyGameServer.cpp">
      <Filter>MyFramework\Android</Filter>
    </ClCompile>
    <ClCompile Include="MyFramework\OpenGLES\MyUtilsGLES.cpp">
      <Filter>MyFramework\OpenGLES</Filter>
    </ClCompile>
    <ClCompile Include="MyFramework\Win32\MyGameServer.cpp">
      <Filter>MyFramework\Win32</Filter>
    </ClCompile>
    <ClCompile Include="MyFramework\Android\MyUtils_Platform.cpp">
      <Filter>MyFramework\Android</Filter>
    </ClCompile>
    <ClCompile Include="MyFramework\Android\MyJNIBridge.cpp">
      <Filter>MyFramework\Android</Filter>
    </ClCompile>
    <ClCompile Include="MyFramework\MyInitFile.cpp">
      <Filter>MyFramework</Filter>
    </ClCompile>
    <ClCompile Include="MyFramework\OpenGLES\MySpriteSheet.cpp">
      <Filter>MyFramework\OpenGLES</Filter>
    </ClCompile>
    <ClCompile Include="MyFramework\OpenGLES\MyFont.cpp">
      <Filter>MyFramework\OpenGLES</Filter>
    </ClCompile>
    <ClCompile Include="MyFramework\OpenGLES\MyBillboard.cpp">
      <Filter>MyFramework\OpenGLES</Filter>
    </ClCompile>
    <ClCompile Include="MyFramework\MyEventListener.cpp">
      <Filter>MyFramework</Filter>
    </ClCompile>
    <ClCompile Include="MyFramework\MyUIList.cpp">
      <Filter>MyFramework</Filter>
    </ClCompile>
    <ClCompile Include="MyFramework\MyUILabel.cpp">
      <Filter>MyFramework</Filter>
    </ClCompile>
    <ClCompile Include="MyFramework\MyUIProgressBar.cpp">
      <Filter>MyFramework</Filter>
    </ClCompile>
    <ClCompile Include="MyFramework\OpenGLES\MyQuad3D.cpp">
      <Filter>MyFramework\OpenGLES</Filter>
    </ClCompile>
  </ItemGroup>
  <ItemGroup>
    <ClInclude Include="MyFramework\OpenGLES\MyBasicMesh.h">
      <Filter>MyFramework\OpenGLES</Filter>
    </ClInclude>
    <ClInclude Include="MyFramework\OpenGLES\MyFileMesh1.h">
      <Filter>MyFramework\OpenGLES</Filter>
    </ClInclude>
    <ClInclude Include="MyFramework\OpenGLES\MyInputLayout.h">
      <Filter>MyFramework\OpenGLES</Filter>
    </ClInclude>
    <ClInclude Include="MyFramework\OpenGLES\MyMesh.h">
      <Filter>MyFramework\OpenGLES</Filter>
    </ClInclude>
    <ClInclude Include="MyFramework\OpenGLES\MyShader.h">
      <Filter>MyFramework\OpenGLES</Filter>
    </ClInclude>
    <ClInclude Include="MyFramework\OpenGLES\MySkinnedMesh1.h">
      <Filter>MyFramework\OpenGLES</Filter>
    </ClInclude>
    <ClInclude Include="MyFramework\OpenGLES\MySkinnedMesh2.h">
      <Filter>MyFramework\OpenGLES</Filter>
    </ClInclude>
    <ClInclude Include="MyFramework\OpenGLES\MySpriteBatch.h">
      <Filter>MyFramework\OpenGLES</Filter>
    </ClInclude>
    <ClInclude Include="MyFramework\OpenGLES\MyTexture.h">
      <Filter>MyFramework\OpenGLES</Filter>
    </ClInclude>
    <ClInclude Include="MyFramework\OpenGLES\MyVertex.h">
      <Filter>MyFramework\OpenGLES</Filter>
    </ClInclude>
    <ClInclude Include="MyFramework\MyCamera.h">
      <Filter>MyFramework</Filter>
    </ClInclude>
    <ClInclude Include="MyFramework\MyCamera2D.h">
      <Filter>MyFramework</Filter>
    </ClInclude>
    <ClInclude Include="MyFramework\MyMath.h">
      <Filter>MyFramework</Filter>
    </ClInclude>
    <ClInclude Include="MyFramework\MyOrthoCamera.h">
      <Filter>MyFramework</Filter>
    </ClInclude>
    <ClInclude Include="MyFramework\MyPerspectiveCamera.h">
      <Filter>MyFramework</Filter>
    </ClInclude>
    <ClInclude Include="MyFramework\MyTimer.h">
      <Filter>MyFramework</Filter>
    </ClInclude>
    <ClInclude Include="MyFramework\MyUtils.h">
      <Filter>MyFramework</Filter>
    </ClInclude>
    <ClInclude Include="MyFramework\MyInput.h">
      <Filter>MyFramework</Filter>
    </ClInclude>
    <ClInclude Include="MyFramework\MyUIWidget.h">
      <Filter>MyFramework</Filter>
    </ClInclude>
    <ClInclude Include="MyFramework\MyUIButton.h">
      <Filter>MyFramework</Filter>
    </ClInclude>
    <ClInclude Include="MyFramework\MyScreen.h">
      <Filter>MyFramework</Filter>
    </ClInclude>
    <ClInclude Include="MyFramework\MyScreenManager.h">
      <Filter>MyFramework</Filter>
    </ClInclude>
    <ClInclude Include="MyFramework\Android\MyGameServer.h">
      <Filter>MyFramework\Android</Filter>
    </ClInclude>
    <ClInclude Include="MyFramework\Win32\MyGameServer.h">
      <Filter>MyFramework\Win32</Filter>
    </ClInclude>
    <ClInclude Include="MyFramework\MyLight.h">
      <Filter>MyFramework</Filter>
    </ClInclude>
    <ClInclude Include="MyFramework\MyMaterial.h">
      <Filter>MyFramework</Filter>
    </ClInclude>
    <ClInclude Include="MyFramework\MyInitFile.h">
      <Filter>MyFramework</Filter>
    </ClInclude>
    <ClInclude Include="MyFramework\OpenGLES\MySpriteSheet.h">
      <Filter>MyFramework\OpenGLES</Filter>
    </ClInclude>
    <ClInclude Include="MyFramework\OpenGLES\MyFont.h">
      <Filter>MyFramework\OpenGLES</Filter>
    </ClInclude>
    <ClInclude Include="MyFramework\OpenGLES\MyBillboard.h">
      <Filter>MyFramework\OpenGLES</Filter>
    </ClInclude>
    <ClInclude Include="MyFramework\MyEventListener.h">
      <Filter>MyFramework</Filter>
    </ClInclude>
    <ClInclude Include="MyFramework\MyUIList.h">
      <Filter>MyFramework</Filter>
    </ClInclude>
    <ClInclude Include="MyFramework\MyUILabel.h">
      <Filter>MyFramework</Filter>
    </ClInclude>
    <ClInclude Include="MyFramework\MyUIProgressBar.h">
      <Filter>MyFramework</Filter>
    </ClInclude>
    <ClInclude Include="MyFramework\OpenGLES\MyQuad3D.h">
      <Filter>MyFramework\OpenGLES</Filter>
    </ClInclude>
  </ItemGroup>
</Project>