<?xml version="1.0" encoding="utf-8"?>
<Project ToolsVersion="4.0" xmlns="http://schemas.microsoft.com/developer/msbuild/2003">
  <ItemGroup>
    <Filter Include="sdk">
      <UniqueIdentifier>{22386dcb-ba0b-417e-976b-9824a3187fab}</UniqueIdentifier>
    </Filter>
    <Filter Include="sdk\Framework">
      <UniqueIdentifier>{a5bb14a0-ed46-4205-afee-40305222e00e}</UniqueIdentifier>
    </Filter>
    <Filter Include="sdk\MyFramework">
      <UniqueIdentifier>{9ab98729-3677-4ddc-aa75-db82f85bf16b}</UniqueIdentifier>
    </Filter>
    <Filter Include="sdk\Framework\Model">
      <UniqueIdentifier>{350efc6d-5aa0-4b7f-8966-26562bf55237}</UniqueIdentifier>
    </Filter>
    <Filter Include="sdk\Framework\OpenGLES">
      <UniqueIdentifier>{2055e811-f44b-4073-bf0d-71b866dc9848}</UniqueIdentifier>
    </Filter>
    <Filter Include="sdk\Framework\Win32">
      <UniqueIdentifier>{372a1f04-8f81-4358-adc4-b036ecf9318a}</UniqueIdentifier>
    </Filter>
    <Filter Include="sdk\MyFramework\OpenGLES">
      <UniqueIdentifier>{097d80df-5483-4727-a523-d58dfef4014a}</UniqueIdentifier>
    </Filter>
    <Filter Include="sdk\MyFramework\Win32">
      <UniqueIdentifier>{ee9afe6e-d3b5-46ca-bf97-cf20ac6e59b0}</UniqueIdentifier>
    </Filter>
    <Filter Include="Screens">
      <UniqueIdentifier>{3fb4a543-e031-4dfb-8d78-01c73ce14c9c}</UniqueIdentifier>
    </Filter>
    <Filter Include="GameObjects">
      <UniqueIdentifier>{07a7f2fe-0283-4959-8321-d663e229af48}</UniqueIdentifier>
    </Filter>
    <Filter Include="Core">
      <UniqueIdentifier>{3eee4ca5-aa9b-4219-9e04-29197f6f0345}</UniqueIdentifier>
    </Filter>
    <Filter Include="AI">
      <UniqueIdentifier>{14574c00-0976-409e-9308-052f66b71e9a}</UniqueIdentifier>
    </Filter>
    <Filter Include="GraphicsObjects">
      <UniqueIdentifier>{ee18e6c3-1531-413d-9a56-980f71888987}</UniqueIdentifier>
    </Filter>
    <Filter Include="BaseEntities">
      <UniqueIdentifier>{a1155c06-aa34-4374-a173-d80f5b1ec759}</UniqueIdentifier>
    </Filter>
    <Filter Include="Misc">
      <UniqueIdentifier>{1966a6da-b2ed-429c-a215-79c196c0be6b}</UniqueIdentifier>
    </Filter>
  </ItemGroup>
  <ItemGroup>
    <ClCompile Include="..\sdk\Framework\Framework\Model\FrmAnimation.cpp">
      <Filter>sdk\Framework\Model</Filter>
    </ClCompile>
    <ClCompile Include="..\sdk\Framework\Framework\Model\FrmAnimationTrack.cpp">
      <Filter>sdk\Framework\Model</Filter>
    </ClCompile>
    <ClCompile Include="..\sdk\Framework\Framework\Model\FrmIndexBuffer.cpp">
      <Filter>sdk\Framework\Model</Filter>
    </ClCompile>
    <ClCompile Include="..\sdk\Framework\Framework\Model\FrmJoint.cpp">
      <Filter>sdk\Framework\Model</Filter>
    </ClCompile>
    <ClCompile Include="..\sdk\Framework\Framework\Model\FrmMaterial.cpp">
      <Filter>sdk\Framework\Model</Filter>
    </ClCompile>
    <ClCompile Include="..\sdk\Framework\Framework\Model\FrmMemoryBuffer.cpp">
      <Filter>sdk\Framework\Model</Filter>
    </ClCompile>
    <ClCompile Include="..\sdk\Framework\Framework\Model\FrmMeshSurfaceArray.cpp">
      <Filter>sdk\Framework\Model</Filter>
    </ClCompile>
    <ClCompile Include="..\sdk\Framework\Framework\Model\FrmModel.cpp">
      <Filter>sdk\Framework\Model</Filter>
    </ClCompile>
    <ClCompile Include="..\sdk\Framework\Framework\Model\FrmModelIO.cpp">
      <Filter>sdk\Framework\Model</Filter>
    </ClCompile>
    <ClCompile Include="..\sdk\Framework\Framework\Model\FrmModelMesh.cpp">
      <Filter>sdk\Framework\Model</Filter>
    </ClCompile>
    <ClCompile Include="..\sdk\Framework\Framework\Model\FrmNamedId.cpp">
      <Filter>sdk\Framework\Model</Filter>
    </ClCompile>
    <ClCompile Include="..\sdk\Framework\Framework\Model\FrmVertexBuffer.cpp">
      <Filter>sdk\Framework\Model</Filter>
    </ClCompile>
    <ClCompile Include="..\sdk\Framework\Framework\Model\FrmVertexFormat.cpp">
      <Filter>sdk\Framework\Model</Filter>
    </ClCompile>
    <ClCompile Include="..\sdk\Framework\Framework\Model\FrmVertexProperty.cpp">
      <Filter>sdk\Framework\Model</Filter>
    </ClCompile>
    <ClCompile Include="..\sdk\Framework\Framework\Win32\FrmFile_Platform.cpp">
      <Filter>sdk\Framework\Win32</Filter>
    </ClCompile>
    <ClCompile Include="..\sdk\Framework\Framework\Win32\FrmNoise_Platform.cpp">
      <Filter>sdk\Framework\Win32</Filter>
    </ClCompile>
    <ClCompile Include="..\sdk\Framework\Framework\Win32\FrmPlatform.cpp">
      <Filter>sdk\Framework\Win32</Filter>
    </ClCompile>
    <ClCompile Include="..\sdk\Framework\Framework\Win32\FrmStdlib_Platform.cpp">
      <Filter>sdk\Framework\Win32</Filter>
    </ClCompile>
    <ClCompile Include="..\sdk\Framework\Framework\Win32\FrmUtils_Platform.cpp">
      <Filter>sdk\Framework\Win32</Filter>
    </ClCompile>
    <ClCompile Include="..\sdk\Framework\Framework\OpenGLES\FrmMesh.cpp">
      <Filter>sdk\Framework\OpenGLES</Filter>
    </ClCompile>
    <ClCompile Include="..\sdk\Framework\Framework\OpenGLES\FrmPackedResourceGLES.cpp">
      <Filter>sdk\Framework\OpenGLES</Filter>
    </ClCompile>
    <ClCompile Include="..\sdk\Framework\Framework\OpenGLES\FrmResourceGLES.cpp">
      <Filter>sdk\Framework\OpenGLES</Filter>
    </ClCompile>
    <ClCompile Include="..\sdk\Framework\Framework\OpenGLES\FrmShader.cpp">
      <Filter>sdk\Framework\OpenGLES</Filter>
    </ClCompile>
    <ClCompile Include="..\sdk\Framework\Framework\OpenGLES\FrmUtilsGLES.cpp">
      <Filter>sdk\Framework\OpenGLES</Filter>
    </ClCompile>
    <ClCompile Include="..\sdk\Framework\Framework\FrmApplication.cpp">
      <Filter>sdk\Framework</Filter>
    </ClCompile>
    <ClCompile Include="..\sdk\Framework\Framework\FrmInput.cpp">
      <Filter>sdk\Framework</Filter>
    </ClCompile>
    <ClCompile Include="..\sdk\Framework\Framework\FrmPackedResource.cpp">
      <Filter>sdk\Framework</Filter>
    </ClCompile>
    <ClCompile Include="..\sdk\Framework\Framework\FrmUtils.cpp">
      <Filter>sdk\Framework</Filter>
    </ClCompile>
    <ClCompile Include="..\sdk\MyFramework\Win32\FrmApplication_Platform.cpp">
      <Filter>sdk\MyFramework\Win32</Filter>
    </ClCompile>
    <ClCompile Include="..\sdk\MyFramework\Win32\MyUtils_Platform.cpp">
      <Filter>sdk\MyFramework\Win32</Filter>
    </ClCompile>
    <ClCompile Include="..\sdk\MyFramework\OpenGLES\MyBasicMesh.cpp">
      <Filter>sdk\MyFramework\OpenGLES</Filter>
    </ClCompile>
    <ClCompile Include="..\sdk\MyFramework\OpenGLES\MyFileMesh1.cpp">
      <Filter>sdk\MyFramework\OpenGLES</Filter>
    </ClCompile>
    <ClCompile Include="..\sdk\MyFramework\OpenGLES\MyInputLayout.cpp">
      <Filter>sdk\MyFramework\OpenGLES</Filter>
    </ClCompile>
    <ClCompile Include="..\sdk\MyFramework\OpenGLES\MyMesh.cpp">
      <Filter>sdk\MyFramework\OpenGLES</Filter>
    </ClCompile>
    <ClCompile Include="..\sdk\MyFramework\OpenGLES\MyShader.cpp">
      <Filter>sdk\MyFramework\OpenGLES</Filter>
    </ClCompile>
    <ClCompile Include="..\sdk\MyFramework\OpenGLES\MySkinnedMesh1.cpp">
      <Filter>sdk\MyFramework\OpenGLES</Filter>
    </ClCompile>
    <ClCompile Include="..\sdk\MyFramework\OpenGLES\MySkinnedMesh2.cpp">
      <Filter>sdk\MyFramework\OpenGLES</Filter>
    </ClCompile>
    <ClCompile Include="..\sdk\MyFramework\OpenGLES\MySpriteBatch.cpp">
      <Filter>sdk\MyFramework\OpenGLES</Filter>
    </ClCompile>
    <ClCompile Include="..\sdk\MyFramework\OpenGLES\MyTexture.cpp">
      <Filter>sdk\MyFramework\OpenGLES</Filter>
    </ClCompile>
    <ClCompile Include="..\sdk\MyFramework\OpenGLES\MyVertex.cpp">
      <Filter>sdk\MyFramework\OpenGLES</Filter>
    </ClCompile>
    <ClCompile Include="..\sdk\MyFramework\MyCamera.cpp">
      <Filter>sdk\MyFramework</Filter>
    </ClCompile>
    <ClCompile Include="..\sdk\MyFramework\MyCamera2D.cpp">
      <Filter>sdk\MyFramework</Filter>
    </ClCompile>
    <ClCompile Include="..\sdk\MyFramework\MyMath.cpp">
      <Filter>sdk\MyFramework</Filter>
    </ClCompile>
    <ClCompile Include="..\sdk\MyFramework\MyOrthoCamera.cpp">
      <Filter>sdk\MyFramework</Filter>
    </ClCompile>
    <ClCompile Include="..\sdk\MyFramework\MyPerspectiveCamera.cpp">
      <Filter>sdk\MyFramework</Filter>
    </ClCompile>
    <ClCompile Include="..\sdk\MyFramework\MyTimer.cpp">
      <Filter>sdk\MyFramework</Filter>
    </ClCompile>
    <ClCompile Include="..\sdk\MyFramework\MyUtils.cpp">
      <Filter>sdk\MyFramework</Filter>
    </ClCompile>
    <ClCompile Include="..\sdk\MyFramework\MyInput.cpp">
      <Filter>sdk\MyFramework</Filter>
    </ClCompile>
    <ClCompile Include="..\sdk\MyFramework\MyUIButton.cpp">
      <Filter>sdk\MyFramework</Filter>
    </ClCompile>
    <ClCompile Include="..\sdk\MyFramework\MyUIWidget.cpp">
      <Filter>sdk\MyFramework</Filter>
    </ClCompile>
    <ClCompile Include="..\sdk\MyFramework\MyScreen.cpp">
      <Filter>sdk\MyFramework</Filter>
    </ClCompile>
    <ClCompile Include="..\sdk\MyFramework\MyScreenManager.cpp">
      <Filter>sdk\MyFramework</Filter>
    </ClCompile>
    <ClCompile Include="..\sdk\MyFramework\OpenGLES\MyUtilsGLES.cpp">
      <Filter>sdk\MyFramework\OpenGLES</Filter>
    </ClCompile>
    <ClCompile Include="..\sdk\MyFramework\Win32\MyGameServer.cpp">
      <Filter>sdk\MyFramework\Win32</Filter>
    </ClCompile>
    <ClCompile Include="..\sdk\MyFramework\MyInitFile.cpp">
      <Filter>sdk\MyFramework</Filter>
    </ClCompile>
    <ClCompile Include="..\sdk\MyFramework\OpenGLES\MySpriteSheet.cpp">
      <Filter>sdk\MyFramework\OpenGLES</Filter>
    </ClCompile>
    <ClCompile Include="..\sdk\MyFramework\OpenGLES\MyFont.cpp">
      <Filter>sdk\MyFramework\OpenGLES</Filter>
    </ClCompile>
    <ClCompile Include="..\sdk\MyFramework\OpenGLES\MyBillboard.cpp">
      <Filter>sdk\MyFramework\OpenGLES</Filter>
    </ClCompile>
    <ClCompile Include="..\sdk\MyFramework\MyEventListener.cpp">
      <Filter>sdk\MyFramework</Filter>
    </ClCompile>
    <ClCompile Include="Core\MainGame.cpp">
      <Filter>Core</Filter>
    </ClCompile>
    <ClCompile Include="GraphicsObjects\BloodBar.cpp">
      <Filter>GraphicsObjects</Filter>
    </ClCompile>
    <ClCompile Include="GraphicsObjects\FlatTerrain.cpp">
      <Filter>GraphicsObjects</Filter>
    </ClCompile>
    <ClCompile Include="GraphicsObjects\MiniMap.cpp">
      <Filter>GraphicsObjects</Filter>
    </ClCompile>
    <ClCompile Include="GameObjects\Hero.cpp">
      <Filter>GameObjects</Filter>
    </ClCompile>
    <ClCompile Include="GameObjects\Pawn.cpp">
      <Filter>GameObjects</Filter>
    </ClCompile>
    <ClCompile Include="GameObjects\Tower.cpp">
      <Filter>GameObjects</Filter>
    </ClCompile>
    <ClCompile Include="GameObjects\Hero_AI.cpp">
      <Filter>GameObjects</Filter>
    </ClCompile>
    <ClCompile Include="GameObjects\Hero_Controlled.cpp">
      <Filter>GameObjects</Filter>
    </ClCompile>
    <ClCompile Include="Screens\Layer_HUD.cpp">
      <Filter>Screens</Filter>
    </ClCompile>
    <ClCompile Include="Screens\Layer_World.cpp">
      <Filter>Screens</Filter>
    </ClCompile>
    <ClCompile Include="BaseEntities\MovingEntity.cpp">
      <Filter>BaseEntities</Filter>
    </ClCompile>
    <ClCompile Include="BaseEntities\BaseEntity.cpp">
      <Filter>BaseEntities</Filter>
    </ClCompile>
    <ClCompile Include="BaseEntities\LivingEntity.cpp">
      <Filter>BaseEntities</Filter>
    </ClCompile>
    <ClCompile Include="GameObjects\Tower_Main.cpp">
      <Filter>GameObjects</Filter>
    </ClCompile>
    <ClCompile Include="Screens\Screen_Menu.cpp">
      <Filter>Screens</Filter>
    </ClCompile>
    <ClCompile Include="Screens\Screen_Play.cpp">
      <Filter>Screens</Filter>
    </ClCompile>
    <ClCompile Include="Screens\Screen_GameOver.cpp">
      <Filter>Screens</Filter>
    </ClCompile>
    <ClCompile Include="GameObjects\Projectile.cpp">
      <Filter>GameObjects</Filter>
    </ClCompile>
    <ClCompile Include="Screens\Screen_Shop.cpp">
      <Filter>Screens</Filter>
    </ClCompile>
    <ClCompile Include="..\sdk\MyFramework\MyUIList.cpp">
      <Filter>sdk\MyFramework</Filter>
    </ClCompile>
    <ClCompile Include="..\sdk\MyFramework\MyUILabel.cpp">
      <Filter>sdk\MyFramework</Filter>
    </ClCompile>
    <ClCompile Include="..\sdk\MyFramework\MyUIProgressBar.cpp">
      <Filter>sdk\MyFramework</Filter>
    </ClCompile>
    <ClCompile Include="GraphicsObjects\PlayerInfo.cpp">
      <Filter>GraphicsObjects</Filter>
    </ClCompile>
    <ClCompile Include="Misc\EventListener.cpp">
      <Filter>Misc</Filter>
    </ClCompile>
    <ClCompile Include="Misc\TPSCamera.cpp">
      <Filter>Misc</Filter>
    </ClCompile>
    <ClCompile Include="Misc\HeroItem.cpp">
      <Filter>Misc</Filter>
    </ClCompile>
    <ClCompile Include="GraphicsObjects\Shop.cpp">
      <Filter>GraphicsObjects</Filter>
    </ClCompile>
    <ClCompile Include="..\sdk\MyFramework\OpenGLES\MyQuad3D.cpp">
      <Filter>sdk\MyFramework\OpenGLES</Filter>
    </ClCompile>
  </ItemGroup>
  <ItemGroup>
    <ClInclude Include="Core\MainGame.h">
      <Filter>Core</Filter>
    </ClInclude>
    <ClInclude Include="GraphicsObjects\BloodBar.h">
      <Filter>GraphicsObjects</Filter>
    </ClInclude>
    <ClInclude Include="GraphicsObjects\FlatTerrain.h">
      <Filter>GraphicsObjects</Filter>
    </ClInclude>
    <ClInclude Include="GraphicsObjects\MiniMap.h">
      <Filter>GraphicsObjects</Filter>
    </ClInclude>
    <ClInclude Include="BaseEntities\IRenderableEntity.h">
      <Filter>BaseEntities</Filter>
    </ClInclude>
    <ClInclude Include="AI\State.h">
      <Filter>AI</Filter>
    </ClInclude>
    <ClInclude Include="AI\StateMachine.h">
      <Filter>AI</Filter>
    </ClInclude>
    <ClInclude Include="GameObjects\Hero.h">
      <Filter>GameObjects</Filter>
    </ClInclude>
    <ClInclude Include="GameObjects\Pawn.h">
      <Filter>GameObjects</Filter>
    </ClInclude>
    <ClInclude Include="GameObjects\Tower.h">
      <Filter>GameObjects</Filter>
    </ClInclude>
    <ClInclude Include="GameObjects\Hero_AI.h">
      <Filter>GameObjects</Filter>
    </ClInclude>
    <ClInclude Include="GameObjects\Hero_Controlled.h">
      <Filter>GameObjects</Filter>
    </ClInclude>
    <ClInclude Include="Screens\Layer_HUD.h">
      <Filter>Screens</Filter>
    </ClInclude>
    <ClInclude Include="Screens\Layer_World.h">
      <Filter>Screens</Filter>
    </ClInclude>
    <ClInclude Include="BaseEntities\MovingEntity.h">
      <Filter>BaseEntities</Filter>
    </ClInclude>
    <ClInclude Include="BaseEntities\BaseEntity.h">
      <Filter>BaseEntities</Filter>
    </ClInclude>
    <ClInclude Include="BaseEntities\LivingEntity.h">
      <Filter>BaseEntities</Filter>
    </ClInclude>
    <ClInclude Include="GameObjects\Tower_Main.h">
      <Filter>GameObjects</Filter>
    </ClInclude>
    <ClInclude Include="Screens\Screen_Menu.h">
      <Filter>Screens</Filter>
    </ClInclude>
    <ClInclude Include="Screens\Screen_Play.h">
      <Filter>Screens</Filter>
    </ClInclude>
    <ClInclude Include="Screens\Screen_GameOver.h">
      <Filter>Screens</Filter>
    </ClInclude>
    <ClInclude Include="GameObjects\Projectile.h">
      <Filter>GameObjects</Filter>
    </ClInclude>
    <ClInclude Include="Screens\Screen_Shop.h">
      <Filter>Screens</Filter>
    </ClInclude>
    <ClInclude Include="GraphicsObjects\PlayerInfo.h">
      <Filter>GraphicsObjects</Filter>
    </ClInclude>
    <ClInclude Include="Misc\EventListener.h">
      <Filter>Misc</Filter>
    </ClInclude>
    <ClInclude Include="Misc\TPSCamera.h">
      <Filter>Misc</Filter>
    </ClInclude>
    <ClInclude Include="Misc\Utils.h">
      <Filter>Misc</Filter>
    </ClInclude>
    <ClInclude Include="Misc\HeroItem.h">
      <Filter>Misc</Filter>
    </ClInclude>
    <ClInclude Include="GraphicsObjects\Shop.h">
      <Filter>GraphicsObjects</Filter>
    </ClInclude>
  </ItemGroup>
</Project>